
Microsoft Visual Studio Solution File, Format Version 12.00
# Visual Studio Version 17
VisualStudioVersion = 17.3.32825.248
MinimumVisualStudioVersion = 10.0.40219.1
Project("{8BC9CEB8-8B4A-11D0-8D11-00A0C91BC942}") = "LabRab1Yudin", "LabRab1Yudin.vcxproj", "{7CE7C04D-EE53-48EB-BCFB-22E43305EC7C}"
EndProject
Global
	GlobalSection(SolutionConfigurationPlatforms) = preSolution
		Debug|x64 = Debug|x64
		Debug|x86 = Debug|x86
		Release|x64 = Release|x64
		Release|x86 = Release|x86
	EndGlobalSection
	GlobalSection(ProjectConfigurationPlatforms) = postSolution
		{7CE7C04D-EE53-48EB-BCFB-22E43305EC7C}.Debug|x64.ActiveCfg = Debug|x64
		{7CE7C04D-EE53-48EB-BCFB-22E43305EC7C}.Debug|x64.Build.0 = Debug|x64
		{7CE7C04D-EE53-48EB-BCFB-22E43305EC7C}.Debug|x86.ActiveCfg = Debug|Win32
		{7CE7C04D-EE53-48EB-BCFB-22E43305EC7C}.Debug|x86.Build.0 = Debug|Win32
		{7CE7C04D-EE53-48EB-BCFB-22E43305EC7C}.Release|x64.ActiveCfg = Release|x64
		{7CE7C04D-EE53-48EB-BCFB-22E43305EC7C}.Release|x64.Build.0 = Release|x64
		{7CE7C04D-EE53-48EB-BCFB-22E43305EC7C}.Release|x86.ActiveCfg = Release|Win32
		{7CE7C04D-EE53-48EB-BCFB-22E43305EC7C}.Release|x86.Build.0 = Release|Win32
	EndGlobalSection
	GlobalSection(SolutionProperties) = preSolution
		HideSolutionNode = FALSE
	EndGlobalSection
	GlobalSection(ExtensibilityGlobals) = postSolution
		SolutionGuid = {4278F5DF-E4DD-4165-871E-6421AF3DEB53}
	EndGlobalSection
EndGlobal
